
Microsoft Visual Studio Solution File, Format Version 12.00
# Visual Studio Version 17
VisualStudioVersion = 17.10.34928.147
MinimumVisualStudioVersion = 10.0.40219.1
Project("{FAE04EC0-301F-11D3-BF4B-00C04F79EFBC}") = "CurrencyConverter", "CurrencyConverter\CurrencyConverter.csproj", "{77BA6969-3A3C-4542-B5F9-A31830D676F4}"
EndProject
Global
	GlobalSection(SolutionConfigurationPlatforms) = preSolution
		Debug|Any CPU = Debug|Any CPU
		Release|Any CPU = Release|Any CPU
	EndGlobalSection
	GlobalSection(ProjectConfigurationPlatforms) = postSolution
		{77BA6969-3A3C-4542-B5F9-A31830D676F4}.Debug|Any CPU.ActiveCfg = Debug|Any CPU
		{77BA6969-3A3C-4542-B5F9-A31830D676F4}.Debug|Any CPU.Build.0 = Debug|Any CPU
		{77BA6969-3A3C-4542-B5F9-A31830D676F4}.Release|Any CPU.ActiveCfg = Release|Any CPU
		{77BA6969-3A3C-4542-B5F9-A31830D676F4}.Release|Any CPU.Build.0 = Release|Any CPU
	EndGlobalSection
	GlobalSection(SolutionProperties) = preSolution
		HideSolutionNode = FALSE
	EndGlobalSection
	GlobalSection(ExtensibilityGlobals) = postSolution
		SolutionGuid = {777C5E29-E16D-450F-8CDB-27A0B5014331}
	EndGlobalSection
EndGlobal
